
Microsoft Visual Studio Solution File, Format Version 12.00
# Visual Studio Version 17
VisualStudioVersion = 17.3.32901.215
MinimumVisualStudioVersion = 10.0.40219.1
Project("{FAE04EC0-301F-11D3-BF4B-00C04F79EFBC}") = "BackEnd", "BackEnd\BackEnd.csproj", "{56221582-E583-4B0A-BCEC-0B5972725FE1}"
EndProject
Global
	GlobalSection(SolutionConfigurationPlatforms) = preSolution
		Debug|Any CPU = Debug|Any CPU
		Release|Any CPU = Release|Any CPU
	EndGlobalSection
	GlobalSection(ProjectConfigurationPlatforms) = postSolution
		{56221582-E583-4B0A-BCEC-0B5972725FE1}.Debug|Any CPU.ActiveCfg = Debug|Any CPU
		{56221582-E583-4B0A-BCEC-0B5972725FE1}.Debug|Any CPU.Build.0 = Debug|Any CPU
		{56221582-E583-4B0A-BCEC-0B5972725FE1}.Release|Any CPU.ActiveCfg = Release|Any CPU
		{56221582-E583-4B0A-BCEC-0B5972725FE1}.Release|Any CPU.Build.0 = Release|Any CPU
	EndGlobalSection
	GlobalSection(SolutionProperties) = preSolution
		HideSolutionNode = FALSE
	EndGlobalSection
	GlobalSection(ExtensibilityGlobals) = postSolution
		SolutionGuid = {9B427A81-5F8C-457C-BAAF-7C89E7AC50EF}
	EndGlobalSection
EndGlobal
